
Microsoft Visual Studio Solution File, Format Version 12.00
# Visual Studio Version 17
VisualStudioVersion = 17.0.31919.166
MinimumVisualStudioVersion = 10.0.40219.1
Project("{FAE04EC0-301F-11D3-BF4B-00C04F79EFBC}") = "E-conomic", "E-conomic\E-conomic.csproj", "{C2EAD7F3-20A9-491E-B97C-7FCD0BDCAE71}"
EndProject
Global
	GlobalSection(SolutionConfigurationPlatforms) = preSolution
		Debug|Any CPU = Debug|Any CPU
		Release|Any CPU = Release|Any CPU
	EndGlobalSection
	GlobalSection(ProjectConfigurationPlatforms) = postSolution
		{C2EAD7F3-20A9-491E-B97C-7FCD0BDCAE71}.Debug|Any CPU.ActiveCfg = Debug|Any CPU
		{C2EAD7F3-20A9-491E-B97C-7FCD0BDCAE71}.Debug|Any CPU.Build.0 = Debug|Any CPU
		{C2EAD7F3-20A9-491E-B97C-7FCD0BDCAE71}.Release|Any CPU.ActiveCfg = Release|Any CPU
		{C2EAD7F3-20A9-491E-B97C-7FCD0BDCAE71}.Release|Any CPU.Build.0 = Release|Any CPU
	EndGlobalSection
	GlobalSection(SolutionProperties) = preSolution
		HideSolutionNode = FALSE
	EndGlobalSection
	GlobalSection(ExtensibilityGlobals) = postSolution
		SolutionGuid = {83B9BF45-0271-47F5-95B0-0C475D32A387}
	EndGlobalSection
EndGlobal
